{
	"info": {
		"_postman_id": "e1049e7a-ea16-47e8-ab32-4a9188af0ee2",
		"name": "e-com-web",
		"schema": "https://schema.getpostman.com/json/collection/v2.1.0/collection.json"
	},
	"item": [
		{
			"name": "POST",
			"item": [
				{
					"name": "add customer",
					"request": {
						"method": "POST",
						"header": [],
						"body": {
							"mode": "raw",
							"raw": "{\n\t\"firstname\": \"jack\",\n\t\"lastName\": \"davis\",\n\t\"email\": \"jackdavis@gmail.com2\",\n\t\"password\": \"123123\"\n}",
							"options": {
								"raw": {
									"language": "json"
								}
							}
						},
						"url": {
							"raw": "http://localhost:8081/api/customers",
							"protocol": "http",
							"host": [
								"localhost"
							],
							"port": "8081",
							"path": [
								"api",
								"customers"
							]
						}
					},
					"response": []
				},
				{
					"name": "add product",
					"request": {
						"method": "POST",
						"header": [],
						"body": {
							"mode": "raw",
							"raw": "    {\r\n      \"item_code\": \"item_1\",\r\n      \"title\": \"Vegitable Ghee\",\r\n      \"status\": \"Available\",\r\n      \"desc\": \"Note that we link to certain 3rd party products via affi.\",\r\n      \"price\": \"Rs.270.00\",\r\n      \"discount\": \"Rs.999.00/=\",\r\n      \"quantity\": \"6\",\r\n      \"rating\": 2.7,\r\n      \"rating_count\": 98,\r\n      \"image\": \"https://lafka.althemist.com/sushi/wp-content/uploads/sites/8/2019/05/gyu-special-roll.png\"\r\n    }",
							"options": {
								"raw": {
									"language": "json"
								}
							}
						},
						"url": {
							"raw": "http://localhost:8081/api/products",
							"protocol": "http",
							"host": [
								"localhost"
							],
							"port": "8081",
							"path": [
								"api",
								"products"
							]
						}
					},
					"response": []
				},
				{
					"name": "add Order",
					"request": {
						"method": "POST",
						"header": [],
						"body": {
							"mode": "raw",
							"raw": "{\n    \"Order_no\": \"OR113\",\n    \"cutomer_id\": \"cust001\",\n    \"order_list\": \"lst920\",\n    \"order_deliverytype\": \"type\",\n    \"order_delivery_address\": \"address\",   \n    \"Payment_Status\": \"ststus\"   \n}",
							"options": {
								"raw": {
									"language": "json"
								}
							}
						},
						"url": {
							"raw": "http://localhost:8081/api/addOrder",
							"protocol": "http",
							"host": [
								"localhost"
							],
							"port": "8081",
							"path": [
								"api",
								"addOrder"
							]
						}
					},
					"response": []
				},
				{
					"name": "add user",
					"request": {
						"method": "POST",
						"header": [],
						"body": {
							"mode": "raw",
							"raw": "{\n\t\"firstName\": \"jack\",\n\t\"lastName\": \"davis\",\n\t\"username\": \"davis\",\n\t\"email\": \"jackdavis@gmail.com2\",\n\t\"roles\":[\"user\"],\n\t\"password\": \"123123\"\n}",
							"options": {
								"raw": {
									"language": "json"
								}
							}
						},
						"url": {
							"raw": "http://localhost:8081/api/auth/signup",
							"protocol": "http",
							"host": [
								"localhost"
							],
							"port": "8081",
							"path": [
								"api",
								"auth",
								"signup"
							]
						}
					},
					"response": []
				},
				{
					"name": "user signIn",
					"request": {
						"method": "POST",
						"header": [],
						"body": {
							"mode": "raw",
							"raw": "{\n\n\t\"username\": \"davis\",\n\t\"password\": \"123123\"\n}",
							"options": {
								"raw": {
									"language": "json"
								}
							}
						},
						"url": {
							"raw": "http://localhost:8081/api/auth/signin",
							"protocol": "http",
							"host": [
								"localhost"
							],
							"port": "8081",
							"path": [
								"api",
								"auth",
								"signin"
							]
						}
					},
					"response": []
				}
			],
			"protocolProfileBehavior": {}
		},
		{
			"name": "GET",
			"item": [
				{
					"name": "update a customer",
					"request": {
						"method": "GET",
						"header": [],
						"url": {
							"raw": "http://localhost:8081/api/customers",
							"protocol": "http",
							"host": [
								"localhost"
							],
							"port": "8081",
							"path": [
								"api",
								"customers"
							]
						}
					},
					"response": []
				},
				{
					"name": "get all products",
					"protocolProfileBehavior": {
						"disableBodyPruning": true
					},
					"request": {
						"method": "GET",
						"header": [],
						"body": {
							"mode": "raw",
							"raw": "{\n\t\"firstname\": \"jack*update\",\n\t\"lastName\": \"davis*update\",\n\t\"email\": \"jackdavis@gmail.com2*update\",\n\t\"password\": \"123123*update\"\n}",
							"options": {
								"raw": {
									"language": "json"
								}
							}
						},
						"url": {
							"raw": "http://localhost:8081/api/products",
							"protocol": "http",
							"host": [
								"localhost"
							],
							"port": "8081",
							"path": [
								"api",
								"products"
							]
						}
					},
					"response": []
				},
				{
					"name": "get Orders",
					"protocolProfileBehavior": {
						"disableBodyPruning": true
					},
					"request": {
						"method": "GET",
						"header": [],
						"body": {
							"mode": "raw",
							"raw": "{\n    \"Order_no\": \"OR113\",\n    \"cutomer_id\": \"cust001\",\n    \"order_list\": \"lst920\",\n    \"order_deliverytype\": \"type\",\n    \"order_delivery_address\": \"address\",   \n    \"Payment_Status\": \"ststus\"   \n}",
							"options": {
								"raw": {
									"language": "json"
								}
							}
						},
						"url": {
							"raw": "http://localhost:8081/api/getOrders",
							"protocol": "http",
							"host": [
								"localhost"
							],
							"port": "8081",
							"path": [
								"api",
								"getOrders"
							]
						}
					},
					"response": []
				},
				{
					"name": "get a customer by ID",
					"protocolProfileBehavior": {
						"disableBodyPruning": true
					},
					"request": {
						"method": "GET",
						"header": [],
						"body": {
							"mode": "raw",
							"raw": "{\n    \"Order_no\": \"OR113\",\n    \"cutomer_id\": \"cust001\",\n    \"order_list\": \"lst920\",\n    \"order_deliverytype\": \"type\",\n    \"order_delivery_address\": \"address\",   \n    \"Payment_Status\": \"ststus\"   \n}",
							"options": {
								"raw": {
									"language": "json"
								}
							}
						},
						"url": {
							"raw": "http://localhost:8081/api/customers/1",
							"protocol": "http",
							"host": [
								"localhost"
							],
							"port": "8081",
							"path": [
								"api",
								"customers",
								"1"
							]
						}
					},
					"response": []
				},
				{
					"name": "get a order by ID",
					"protocolProfileBehavior": {
						"disableBodyPruning": true
					},
					"request": {
						"method": "GET",
						"header": [],
						"body": {
							"mode": "raw",
							"raw": "{\n    \"Order_no\": \"OR113\",\n    \"cutomer_id\": \"cust001\",\n    \"order_list\": \"lst920\",\n    \"order_deliverytype\": \"type\",\n    \"order_delivery_address\": \"address\",   \n    \"Payment_Status\": \"ststus\"   \n}",
							"options": {
								"raw": {
									"language": "json"
								}
							}
						},
						"url": {
							"raw": "http://localhost:8081/api/Order/1",
							"protocol": "http",
							"host": [
								"localhost"
							],
							"port": "8081",
							"path": [
								"api",
								"Order",
								"1"
							]
						}
					},
					"response": []
				},
				{
					"name": "http://localhost:8081/api/products/?category=spices",
					"request": {
						"method": "GET",
						"header": [],
						"url": {
							"raw": "http://localhost:8081/api/products/?category=spices",
							"protocol": "http",
							"host": [
								"localhost"
							],
							"port": "8081",
							"path": [
								"api",
								"products",
								""
							],
							"query": [
								{
									"key": "category",
									"value": "spices"
								}
							]
						},
						"description": "get by category"
					},
					"response": []
				}
			],
			"protocolProfileBehavior": {}
		},
		{
			"name": "PUT",
			"item": [
				{
					"name": "update a customer",
					"request": {
						"method": "PUT",
						"header": [],
						"body": {
							"mode": "raw",
							"raw": "{\n\t\"firstname\": \"jack*update\",\n\t\"lastName\": \"davis*update\",\n\t\"email\": \"jackdavis@gmail.com2*update\",\n\t\"password\": \"123123*update\"\n}",
							"options": {
								"raw": {
									"language": "json"
								}
							}
						},
						"url": {
							"raw": "http://localhost:8081/api/customers/2",
							"protocol": "http",
							"host": [
								"localhost"
							],
							"port": "8081",
							"path": [
								"api",
								"customers",
								"2"
							]
						}
					},
					"response": []
				},
				{
					"name": "update product",
					"request": {
						"method": "PUT",
						"header": [],
						"body": {
							"mode": "raw",
							"raw": "    {\r\n\r\n        \"item_code\": \"item_5\",\r\n        \"title\": \"Pumpkin Pie\",\r\n        \"status\": \"Available\",\r\n        \"desc\": \"Note that we link to certain 3rd party products via aff\",\r\n        \"quantity\": 5,\r\n        \"rating\": 3,\r\n        \"rating_count\": 204,\r\n        \"price\": \"Rs.650.00/=\",\r\n        \"discount\": \"Rs.79.00/=\",\r\n        \"image\": \"https://lafka.althemist.com/sushi/wp-content/uploads/sites/8/2019/05/volcano-roll.png\"\r\n    }",
							"options": {
								"raw": {
									"language": "json"
								}
							}
						},
						"url": {
							"raw": "http://localhost:8081/api/products/5",
							"protocol": "http",
							"host": [
								"localhost"
							],
							"port": "8081",
							"path": [
								"api",
								"products",
								"5"
							]
						}
					},
					"response": []
				},
				{
					"name": "update Order",
					"request": {
						"method": "PUT",
						"header": [],
						"body": {
							"mode": "raw",
							"raw": "{\n    \"Order_no\": \"OR113up\",\n    \"cutomer_id\": \"cust001up\",\n    \"order_list\": \"lst920up\",\n    \"order_deliverytype\": \"typeup\",\n    \"order_delivery_address\": \"addressup\",   \n    \"Payment_Status\": \"ststus\"   \n}",
							"options": {
								"raw": {
									"language": "json"
								}
							}
						},
						"url": {
							"raw": "http://localhost:8081/api/Order/1",
							"protocol": "http",
							"host": [
								"localhost"
							],
							"port": "8081",
							"path": [
								"api",
								"Order",
								"1"
							]
						}
					},
					"response": []
				}
			],
			"protocolProfileBehavior": {}
		},
		{
			"name": "DELETE",
			"item": [
				{
					"name": "delete a customer",
					"request": {
						"method": "DELETE",
						"header": [],
						"body": {
							"mode": "raw",
							"raw": "{\n\t\"firstname\": \"jack*update\",\n\t\"lastName\": \"davis*update\",\n\t\"email\": \"jackdavis@gmail.com2*update\",\n\t\"password\": \"123123*update\"\n}",
							"options": {
								"raw": {
									"language": "json"
								}
							}
						},
						"url": {
							"raw": "http://localhost:8081/api/customers/2",
							"protocol": "http",
							"host": [
								"localhost"
							],
							"port": "8081",
							"path": [
								"api",
								"customers",
								"2"
							]
						}
					},
					"response": []
				},
				{
					"name": "delete product",
					"request": {
						"method": "DELETE",
						"header": [],
						"body": {
							"mode": "raw",
							"raw": "    {\r\n\r\n        \"item_code\": \"item_5\",\r\n        \"title\": \"Pumpkin Pie\",\r\n        \"status\": \"Available\",\r\n        \"desc\": \"Note that we link to certain 3rd party products via aff\",\r\n        \"quantity\": 5,\r\n        \"rating\": 3,\r\n        \"rating_count\": 204,\r\n        \"price\": \"Rs.650.00/=\",\r\n        \"discount\": \"Rs.79.00/=\",\r\n        \"image\": \"https://lafka.althemist.com/sushi/wp-content/uploads/sites/8/2019/05/volcano-roll.png\"\r\n    }",
							"options": {
								"raw": {
									"language": "json"
								}
							}
						},
						"url": {
							"raw": "http://localhost:8081/api/products/6",
							"protocol": "http",
							"host": [
								"localhost"
							],
							"port": "8081",
							"path": [
								"api",
								"products",
								"6"
							]
						}
					},
					"response": []
				},
				{
					"name": "delete order by id",
					"request": {
						"method": "DELETE",
						"header": [],
						"body": {
							"mode": "raw",
							"raw": "    {\r\n\r\n        \"item_code\": \"item_5\",\r\n        \"title\": \"Pumpkin Pie\",\r\n        \"status\": \"Available\",\r\n        \"desc\": \"Note that we link to certain 3rd party products via aff\",\r\n        \"quantity\": 5,\r\n        \"rating\": 3,\r\n        \"rating_count\": 204,\r\n        \"price\": \"Rs.650.00/=\",\r\n        \"discount\": \"Rs.79.00/=\",\r\n        \"image\": \"https://lafka.althemist.com/sushi/wp-content/uploads/sites/8/2019/05/volcano-roll.png\"\r\n    }",
							"options": {
								"raw": {
									"language": "json"
								}
							}
						},
						"url": {
							"raw": "http://localhost:8081/api/Order/1",
							"protocol": "http",
							"host": [
								"localhost"
							],
							"port": "8081",
							"path": [
								"api",
								"Order",
								"1"
							]
						}
					},
					"response": []
				}
			],
			"protocolProfileBehavior": {}
		}
	],
	"protocolProfileBehavior": {}
}